
Microsoft Visual Studio Solution File, Format Version 12.00
# Visual Studio Version 17
VisualStudioVersion = 17.6.33717.318
MinimumVisualStudioVersion = 10.0.40219.1
Project("{2150E333-8FDC-42A3-9474-1A3956D46DE8}") = "src", "src", "{2D001120-ADED-411A-973D-CFA2C3012A4A}"
EndProject
Project("{2150E333-8FDC-42A3-9474-1A3956D46DE8}") = "1 Domain", "1 Domain", "{284D8FA8-62E2-472A-8A17-A19DEE83046F}"
EndProject
Project("{2150E333-8FDC-42A3-9474-1A3956D46DE8}") = "2 Infrastructres", "2 Infrastructres", "{C0193AF6-2719-457B-9F90-2E9B9DCF9D40}"
EndProject
Project("{2150E333-8FDC-42A3-9474-1A3956D46DE8}") = "3 EndPoints", "3 EndPoints", "{7EF828F8-BEDB-4E0A-B730-A9C0D207C76F}"
EndProject
Project("{2150E333-8FDC-42A3-9474-1A3956D46DE8}") = "Core", "Core", "{92806C1D-F096-4AEB-A41F-5B156472D9B2}"
EndProject
Project("{2150E333-8FDC-42A3-9474-1A3956D46DE8}") = "Services", "Services", "{6B8D9040-9638-4BE3-994D-4182F5E1C00B}"
EndProject
Project("{2150E333-8FDC-42A3-9474-1A3956D46DE8}") = "DataAccess", "DataAccess", "{4823439E-1519-41B6-A276-385E550E7817}"
EndProject
Project("{2150E333-8FDC-42A3-9474-1A3956D46DE8}") = "Db", "Db", "{12C193F5-EC34-4005-8658-A0645790D7A2}"
EndProject
Project("{9A19103F-16F7-4668-BE54-9A1E7A4F7556}") = "App.Domain.Core", "App.Domain.Core\App.Domain.Core.csproj", "{75463EB7-EABB-4667-A619-4C5803E17DAB}"
EndProject
Project("{9A19103F-16F7-4668-BE54-9A1E7A4F7556}") = "App.Domain.Services", "App.Domain.Services\App.Domain.Services.csproj", "{A403803D-BEFF-4971-B02E-6D2446112DE6}"
EndProject
Project("{9A19103F-16F7-4668-BE54-9A1E7A4F7556}") = "App.Domain.AppServices", "App.Domain.AppServices\App.Domain.AppServices.csproj", "{6C1DA7B1-9C54-445C-B6D8-20708890290B}"
EndProject
Project("{9A19103F-16F7-4668-BE54-9A1E7A4F7556}") = "App.Infra.Data.SqlServer.Ef", "App.Infra.Data.SqlServer.Ef\App.Infra.Data.SqlServer.Ef.csproj", "{DE52DB07-B2E5-4CA2-BB9E-FC162E18DC8E}"
EndProject
Project("{9A19103F-16F7-4668-BE54-9A1E7A4F7556}") = "App.Infra.Data.Repos.Ef", "App.Infra.Data.Repos.Ef\App.Infra.Data.Repos.Ef.csproj", "{0387B4B3-6E8A-4B34-87F9-71C85F492025}"
EndProject
Project("{9A19103F-16F7-4668-BE54-9A1E7A4F7556}") = "App.EndPoints.MvcUi", "App.EndPoints.MvcUi\App.EndPoints.MvcUi.csproj", "{B81C36A6-46B8-44B9-86FD-3F047E47EE01}"
EndProject
Project("{2150E333-8FDC-42A3-9474-1A3956D46DE8}") = "Scaffold", "Scaffold", "{7E9584F4-0399-4FB7-941C-788DACD48412}"
EndProject
Project("{9A19103F-16F7-4668-BE54-9A1E7A4F7556}") = "Scaffold", "Schaffold\Scaffold.csproj", "{20A47867-A33E-4D39-BCD8-2F6D7C30757A}"
EndProject
Global
	GlobalSection(SolutionConfigurationPlatforms) = preSolution
		Debug|Any CPU = Debug|Any CPU
		Release|Any CPU = Release|Any CPU
	EndGlobalSection
	GlobalSection(ProjectConfigurationPlatforms) = postSolution
		{75463EB7-EABB-4667-A619-4C5803E17DAB}.Debug|Any CPU.ActiveCfg = Debug|Any CPU
		{75463EB7-EABB-4667-A619-4C5803E17DAB}.Debug|Any CPU.Build.0 = Debug|Any CPU
		{75463EB7-EABB-4667-A619-4C5803E17DAB}.Release|Any CPU.ActiveCfg = Release|Any CPU
		{75463EB7-EABB-4667-A619-4C5803E17DAB}.Release|Any CPU.Build.0 = Release|Any CPU
		{A403803D-BEFF-4971-B02E-6D2446112DE6}.Debug|Any CPU.ActiveCfg = Debug|Any CPU
		{A403803D-BEFF-4971-B02E-6D2446112DE6}.Debug|Any CPU.Build.0 = Debug|Any CPU
		{A403803D-BEFF-4971-B02E-6D2446112DE6}.Release|Any CPU.ActiveCfg = Release|Any CPU
		{A403803D-BEFF-4971-B02E-6D2446112DE6}.Release|Any CPU.Build.0 = Release|Any CPU
		{6C1DA7B1-9C54-445C-B6D8-20708890290B}.Debug|Any CPU.ActiveCfg = Debug|Any CPU
		{6C1DA7B1-9C54-445C-B6D8-20708890290B}.Debug|Any CPU.Build.0 = Debug|Any CPU
		{6C1DA7B1-9C54-445C-B6D8-20708890290B}.Release|Any CPU.ActiveCfg = Release|Any CPU
		{6C1DA7B1-9C54-445C-B6D8-20708890290B}.Release|Any CPU.Build.0 = Release|Any CPU
		{DE52DB07-B2E5-4CA2-BB9E-FC162E18DC8E}.Debug|Any CPU.ActiveCfg = Debug|Any CPU
		{DE52DB07-B2E5-4CA2-BB9E-FC162E18DC8E}.Debug|Any CPU.Build.0 = Debug|Any CPU
		{DE52DB07-B2E5-4CA2-BB9E-FC162E18DC8E}.Release|Any CPU.ActiveCfg = Release|Any CPU
		{DE52DB07-B2E5-4CA2-BB9E-FC162E18DC8E}.Release|Any CPU.Build.0 = Release|Any CPU
		{0387B4B3-6E8A-4B34-87F9-71C85F492025}.Debug|Any CPU.ActiveCfg = Debug|Any CPU
		{0387B4B3-6E8A-4B34-87F9-71C85F492025}.Debug|Any CPU.Build.0 = Debug|Any CPU
		{0387B4B3-6E8A-4B34-87F9-71C85F492025}.Release|Any CPU.ActiveCfg = Release|Any CPU
		{0387B4B3-6E8A-4B34-87F9-71C85F492025}.Release|Any CPU.Build.0 = Release|Any CPU
		{B81C36A6-46B8-44B9-86FD-3F047E47EE01}.Debug|Any CPU.ActiveCfg = Debug|Any CPU
		{B81C36A6-46B8-44B9-86FD-3F047E47EE01}.Debug|Any CPU.Build.0 = Debug|Any CPU
		{B81C36A6-46B8-44B9-86FD-3F047E47EE01}.Release|Any CPU.ActiveCfg = Release|Any CPU
		{B81C36A6-46B8-44B9-86FD-3F047E47EE01}.Release|Any CPU.Build.0 = Release|Any CPU
		{20A47867-A33E-4D39-BCD8-2F6D7C30757A}.Debug|Any CPU.ActiveCfg = Debug|Any CPU
		{20A47867-A33E-4D39-BCD8-2F6D7C30757A}.Debug|Any CPU.Build.0 = Debug|Any CPU
		{20A47867-A33E-4D39-BCD8-2F6D7C30757A}.Release|Any CPU.ActiveCfg = Release|Any CPU
		{20A47867-A33E-4D39-BCD8-2F6D7C30757A}.Release|Any CPU.Build.0 = Release|Any CPU
	EndGlobalSection
	GlobalSection(SolutionProperties) = preSolution
		HideSolutionNode = FALSE
	EndGlobalSection
	GlobalSection(NestedProjects) = preSolution
		{284D8FA8-62E2-472A-8A17-A19DEE83046F} = {2D001120-ADED-411A-973D-CFA2C3012A4A}
		{C0193AF6-2719-457B-9F90-2E9B9DCF9D40} = {2D001120-ADED-411A-973D-CFA2C3012A4A}
		{7EF828F8-BEDB-4E0A-B730-A9C0D207C76F} = {2D001120-ADED-411A-973D-CFA2C3012A4A}
		{92806C1D-F096-4AEB-A41F-5B156472D9B2} = {284D8FA8-62E2-472A-8A17-A19DEE83046F}
		{6B8D9040-9638-4BE3-994D-4182F5E1C00B} = {284D8FA8-62E2-472A-8A17-A19DEE83046F}
		{4823439E-1519-41B6-A276-385E550E7817} = {C0193AF6-2719-457B-9F90-2E9B9DCF9D40}
		{12C193F5-EC34-4005-8658-A0645790D7A2} = {C0193AF6-2719-457B-9F90-2E9B9DCF9D40}
		{75463EB7-EABB-4667-A619-4C5803E17DAB} = {92806C1D-F096-4AEB-A41F-5B156472D9B2}
		{A403803D-BEFF-4971-B02E-6D2446112DE6} = {6B8D9040-9638-4BE3-994D-4182F5E1C00B}
		{6C1DA7B1-9C54-445C-B6D8-20708890290B} = {6B8D9040-9638-4BE3-994D-4182F5E1C00B}
		{DE52DB07-B2E5-4CA2-BB9E-FC162E18DC8E} = {12C193F5-EC34-4005-8658-A0645790D7A2}
		{0387B4B3-6E8A-4B34-87F9-71C85F492025} = {4823439E-1519-41B6-A276-385E550E7817}
		{B81C36A6-46B8-44B9-86FD-3F047E47EE01} = {7EF828F8-BEDB-4E0A-B730-A9C0D207C76F}
		{7E9584F4-0399-4FB7-941C-788DACD48412} = {2D001120-ADED-411A-973D-CFA2C3012A4A}
		{20A47867-A33E-4D39-BCD8-2F6D7C30757A} = {7E9584F4-0399-4FB7-941C-788DACD48412}
	EndGlobalSection
	GlobalSection(ExtensibilityGlobals) = postSolution
		SolutionGuid = {3AFE0015-FFAA-49D2-97BD-4EC6AE6D4B69}
	EndGlobalSection
EndGlobal
